
Microsoft Visual Studio Solution File, Format Version 12.00
# Visual Studio 15
VisualStudioVersion = 15.0.28307.168
MinimumVisualStudioVersion = 10.0.40219.1
Project("{9A19103F-16F7-4668-BE54-9A1E7A4F7556}") = "Splat.NLog", "Splat.NLog\Splat.NLog.csproj", "{C6582768-0211-4353-A63D-F966748822FE}"
EndProject
Project("{2150E333-8FDC-42A3-9474-1A3956D46DE8}") = "Solution Items", "Solution Items", "{C7B370F1-BEF3-4AB7-BA08-CC5D83E74598}"
	ProjectSection(SolutionItems) = preProject
		Directory.build.props = Directory.build.props
		Directory.build.targets = Directory.build.targets
	EndProjectSection
EndProject
Project("{FAE04EC0-301F-11D3-BF4B-00C04F79EFBC}") = "Splat.NLog.UnitTests", "Splat.NLog.UnitTests\Splat.NLog.UnitTests.csproj", "{CA9D3205-5E45-45B4-AEB7-82C32FF48733}"
EndProject
Global
	GlobalSection(SolutionConfigurationPlatforms) = preSolution
		Debug|Any CPU = Debug|Any CPU
		Release|Any CPU = Release|Any CPU
	EndGlobalSection
	GlobalSection(ProjectConfigurationPlatforms) = postSolution
		{C6582768-0211-4353-A63D-F966748822FE}.Debug|Any CPU.ActiveCfg = Debug|Any CPU
		{C6582768-0211-4353-A63D-F966748822FE}.Debug|Any CPU.Build.0 = Debug|Any CPU
		{C6582768-0211-4353-A63D-F966748822FE}.Release|Any CPU.ActiveCfg = Release|Any CPU
		{C6582768-0211-4353-A63D-F966748822FE}.Release|Any CPU.Build.0 = Release|Any CPU
		{CA9D3205-5E45-45B4-AEB7-82C32FF48733}.Debug|Any CPU.ActiveCfg = Debug|Any CPU
		{CA9D3205-5E45-45B4-AEB7-82C32FF48733}.Debug|Any CPU.Build.0 = Debug|Any CPU
		{CA9D3205-5E45-45B4-AEB7-82C32FF48733}.Release|Any CPU.ActiveCfg = Release|Any CPU
		{CA9D3205-5E45-45B4-AEB7-82C32FF48733}.Release|Any CPU.Build.0 = Release|Any CPU
	EndGlobalSection
	GlobalSection(SolutionProperties) = preSolution
		HideSolutionNode = FALSE
	EndGlobalSection
	GlobalSection(ExtensibilityGlobals) = postSolution
		SolutionGuid = {E90BDAE8-F354-46E5-978B-55374E25992A}
	EndGlobalSection
EndGlobal
